// !$*UTF8*$!
{
	archiveVersion = 1;
	classes = {
	};
	objectVersion = 50;
	objects = {

/* Begin PBXBuildFile section */
		1D8D0721258860C80061CE7C /* ApparatusApp.swift in Sources */ = {isa = PBXBuildFile; fileRef = 1D8D070E258860C60061CE7C /* ApparatusApp.swift */; };
		1D8D0722258860C80061CE7C /* ApparatusApp.swift in Sources */ = {isa = PBXBuildFile; fileRef = 1D8D070E258860C60061CE7C /* ApparatusApp.swift */; };
		1D8D0723258860C80061CE7C /* ContentView.swift in Sources */ = {isa = PBXBuildFile; fileRef = 1D8D070F258860C60061CE7C /* ContentView.swift */; };
		1D8D0724258860C80061CE7C /* ContentView.swift in Sources */ = {isa = PBXBuildFile; fileRef = 1D8D070F258860C60061CE7C /* ContentView.swift */; };
		1D8D0725258860C80061CE7C /* Assets.xcassets in Resources */ = {isa = PBXBuildFile; fileRef = 1D8D0710258860C80061CE7C /* Assets.xcassets */; };
		1D8D0726258860C80061CE7C /* Assets.xcassets in Resources */ = {isa = PBXBuildFile; fileRef = 1D8D0710258860C80061CE7C /* Assets.xcassets */; };
		1D8D0732258860D90061CE7C /* ApparatusBuilder.swift in Sources */ = {isa = PBXBuildFile; fileRef = 1D8D0731258860D90061CE7C /* ApparatusBuilder.swift */; };
		1D8D0733258860D90061CE7C /* ApparatusBuilder.swift in Sources */ = {isa = PBXBuildFile; fileRef = 1D8D0731258860D90061CE7C /* ApparatusBuilder.swift */; };
		1D8D0739258A847E0061CE7C /* ApparatusOptions.swift in Sources */ = {isa = PBXBuildFile; fileRef = 1D8D0738258A847E0061CE7C /* ApparatusOptions.swift */; };
		1D8D073A258A847E0061CE7C /* ApparatusOptions.swift in Sources */ = {isa = PBXBuildFile; fileRef = 1D8D0738258A847E0061CE7C /* ApparatusOptions.swift */; };
/* End PBXBuildFile section */

/* Begin PBXFileReference section */
		1D8D070E258860C60061CE7C /* ApparatusApp.swift */ = {isa = PBXFileReference; lastKnownFileType = sourcecode.swift; path = ApparatusApp.swift; sourceTree = "<group>"; };
		1D8D070F258860C60061CE7C /* ContentView.swift */ = {isa = PBXFileReference; lastKnownFileType = sourcecode.swift; path = ContentView.swift; sourceTree = "<group>"; };
		1D8D0710258860C80061CE7C /* Assets.xcassets */ = {isa = PBXFileReference; lastKnownFileType = folder.assetcatalog; path = Assets.xcassets; sourceTree = "<group>"; };
		1D8D0715258860C80061CE7C /* Apparatus.app */ = {isa = PBXFileReference; explicitFileType = wrapper.application; includeInIndex = 0; path = Apparatus.app; sourceTree = BUILT_PRODUCTS_DIR; };
		1D8D0718258860C80061CE7C /* Info.plist */ = {isa = PBXFileReference; lastKnownFileType = text.plist.xml; path = Info.plist; sourceTree = "<group>"; };
		1D8D071D258860C80061CE7C /* Apparatus.app */ = {isa = PBXFileReference; explicitFileType = wrapper.application; includeInIndex = 0; path = Apparatus.app; sourceTree = BUILT_PRODUCTS_DIR; };
		1D8D071F258860C80061CE7C /* Info.plist */ = {isa = PBXFileReference; lastKnownFileType = text.plist.xml; path = Info.plist; sourceTree = "<group>"; };
		1D8D0720258860C80061CE7C /* macOS.entitlements */ = {isa = PBXFileReference; lastKnownFileType = text.plist.entitlements; path = macOS.entitlements; sourceTree = "<group>"; };
		1D8D0731258860D90061CE7C /* ApparatusBuilder.swift */ = {isa = PBXFileReference; lastKnownFileType = sourcecode.swift; path = ApparatusBuilder.swift; sourceTree = "<group>"; };
		1D8D0738258A847E0061CE7C /* ApparatusOptions.swift */ = {isa = PBXFileReference; lastKnownFileType = sourcecode.swift; path = ApparatusOptions.swift; sourceTree = "<group>"; };
/* End PBXFileReference section */

/* Begin PBXFrameworksBuildPhase section */
		1D8D0712258860C80061CE7C /* Frameworks */ = {
			isa = PBXFrameworksBuildPhase;
			buildActionMask = 2147483647;
			files = (
			);
			runOnlyForDeploymentPostprocessing = 0;
		};
		1D8D071A258860C80061CE7C /* Frameworks */ = {
			isa = PBXFrameworksBuildPhase;
			buildActionMask = 2147483647;
			files = (
			);
			runOnlyForDeploymentPostprocessing = 0;
		};
/* End PBXFrameworksBuildPhase section */

/* Begin PBXGroup section */
		1D8D0708258860C60061CE7C = {
			isa = PBXGroup;
			children = (
				1D8D070D258860C60061CE7C /* Shared */,
				1D8D0717258860C80061CE7C /* iOS */,
				1D8D071E258860C80061CE7C /* macOS */,
				1D8D0716258860C80061CE7C /* Products */,
			);
			sourceTree = "<group>";
		};
		1D8D070D258860C60061CE7C /* Shared */ = {
			isa = PBXGroup;
			children = (
				1D8D070E258860C60061CE7C /* ApparatusApp.swift */,
				1D8D070F258860C60061CE7C /* ContentView.swift */,
				1D8D0710258860C80061CE7C /* Assets.xcassets */,
				1D8D0731258860D90061CE7C /* ApparatusBuilder.swift */,
				1D8D0738258A847E0061CE7C /* ApparatusOptions.swift */,
			);
			path = Shared;
			sourceTree = "<group>";
		};
		1D8D0716258860C80061CE7C /* Products */ = {
			isa = PBXGroup;
			children = (
				1D8D0715258860C80061CE7C /* Apparatus.app */,
				1D8D071D258860C80061CE7C /* Apparatus.app */,
			);
			name = Products;
			sourceTree = "<group>";
		};
		1D8D0717258860C80061CE7C /* iOS */ = {
			isa = PBXGroup;
			children = (
				1D8D0718258860C80061CE7C /* Info.plist */,
			);
			path = iOS;
			sourceTree = "<group>";
		};
		1D8D071E258860C80061CE7C /* macOS */ = {
			isa = PBXGroup;
			children = (
				1D8D071F258860C80061CE7C /* Info.plist */,
				1D8D0720258860C80061CE7C /* macOS.entitlements */,
			);
			path = macOS;
			sourceTree = "<group>";
		};
/* End PBXGroup section */

/* Begin PBXNativeTarget section */
		1D8D0714258860C80061CE7C /* Apparatus (iOS) */ = {
			isa = PBXNativeTarget;
			buildConfigurationList = 1D8D0729258860C80061CE7C /* Build configuration list for PBXNativeTarget "Apparatus (iOS)" */;
			buildPhases = (
				1D8D0711258860C80061CE7C /* Sources */,
				1D8D0712258860C80061CE7C /* Frameworks */,
				1D8D0713258860C80061CE7C /* Resources */,
			);
			buildRules = (
			);
			dependencies = (
			);
			name = "Apparatus (iOS)";
			productName = "Apparatus (iOS)";
			productReference = 1D8D0715258860C80061CE7C /* Apparatus.app */;
			productType = "com.apple.product-type.application";
		};
		1D8D071C258860C80061CE7C /* Apparatus (macOS) */ = {
			isa = PBXNativeTarget;
			buildConfigurationList = 1D8D072C258860C80061CE7C /* Build configuration list for PBXNativeTarget "Apparatus (macOS)" */;
			buildPhases = (
				1D8D0719258860C80061CE7C /* Sources */,
				1D8D071A258860C80061CE7C /* Frameworks */,
				1D8D071B258860C80061CE7C /* Resources */,
			);
			buildRules = (
			);
			dependencies = (
			);
			name = "Apparatus (macOS)";
			productName = "Apparatus (macOS)";
			productReference = 1D8D071D258860C80061CE7C /* Apparatus.app */;
			productType = "com.apple.product-type.application";
		};
/* End PBXNativeTarget section */

/* Begin PBXProject section */
		1D8D0709258860C60061CE7C /* Project object */ = {
			isa = PBXProject;
			attributes = {
				LastSwiftUpdateCheck = 1230;
				LastUpgradeCheck = 1230;
				TargetAttributes = {
					1D8D0714258860C80061CE7C = {
						CreatedOnToolsVersion = 12.3;
					};
					1D8D071C258860C80061CE7C = {
						CreatedOnToolsVersion = 12.3;
					};
				};
			};
			buildConfigurationList = 1D8D070C258860C60061CE7C /* Build configuration list for PBXProject "Apparatus" */;
			compatibilityVersion = "Xcode 9.3";
			developmentRegion = en;
			hasScannedForEncodings = 0;
			knownRegions = (
				en,
				Base,
			);
			mainGroup = 1D8D0708258860C60061CE7C;
			productRefGroup = 1D8D0716258860C80061CE7C /* Products */;
			projectDirPath = "";
			projectRoot = "";
			targets = (
				1D8D0714258860C80061CE7C /* Apparatus (iOS) */,
				1D8D071C258860C80061CE7C /* Apparatus (macOS) */,
			);
		};
/* End PBXProject section */

/* Begin PBXResourcesBuildPhase section */
		1D8D0713258860C80061CE7C /* Resources */ = {
			isa = PBXResourcesBuildPhase;
			buildActionMask = 2147483647;
			files = (
				1D8D0725258860C80061CE7C /* Assets.xcassets in Resources */,
			);
			runOnlyForDeploymentPostprocessing = 0;
		};
		1D8D071B258860C80061CE7C /* Resources */ = {
			isa = PBXResourcesBuildPhase;
			buildActionMask = 2147483647;
			files = (
				1D8D0726258860C80061CE7C /* Assets.xcassets in Resources */,
			);
			runOnlyForDeploymentPostprocessing = 0;
		};
/* End PBXResourcesBuildPhase section */

/* Begin PBXSourcesBuildPhase section */
		1D8D0711258860C80061CE7C /* Sources */ = {
			isa = PBXSourcesBuildPhase;
			buildActionMask = 2147483647;
			files = (
				1D8D0723258860C80061CE7C /* ContentView.swift in Sources */,
				1D8D0732258860D90061CE7C /* ApparatusBuilder.swift in Sources */,
				1D8D0739258A847E0061CE7C /* ApparatusOptions.swift in Sources */,
				1D8D0721258860C80061CE7C /* ApparatusApp.swift in Sources */,
			);
			runOnlyForDeploymentPostprocessing = 0;
		};
		1D8D0719258860C80061CE7C /* Sources */ = {
			isa = PBXSourcesBuildPhase;
			buildActionMask = 2147483647;
			files = (
				1D8D0724258860C80061CE7C /* ContentView.swift in Sources */,
				1D8D0733258860D90061CE7C /* ApparatusBuilder.swift in Sources */,
				1D8D073A258A847E0061CE7C /* ApparatusOptions.swift in Sources */,
				1D8D0722258860C80061CE7C /* ApparatusApp.swift in Sources */,
			);
			runOnlyForDeploymentPostprocessing = 0;
		};
/* End PBXSourcesBuildPhase section */

/* Begin XCBuildConfiguration section */
		1D8D0727258860C80061CE7C /* Debug */ = {
			isa = XCBuildConfiguration;
			buildSettings = {
				ALWAYS_SEARCH_USER_PATHS = NO;
				CLANG_ANALYZER_NONNULL = YES;
				CLANG_ANALYZER_NUMBER_OBJECT_CONVERSION = YES_AGGRESSIVE;
				CLANG_CXX_LANGUAGE_STANDARD = "gnu++14";
				CLANG_CXX_LIBRARY = "libc++";
				CLANG_ENABLE_MODULES = YES;
				CLANG_ENABLE_OBJC_ARC = YES;
				CLANG_ENABLE_OBJC_WEAK = YES;
				CLANG_WARN_BLOCK_CAPTURE_AUTORELEASING = YES;
				CLANG_WARN_BOOL_CONVERSION = YES;
				CLANG_WARN_COMMA = YES;
				CLANG_WARN_CONSTANT_CONVERSION = YES;
				CLANG_WARN_DEPRECATED_OBJC_IMPLEMENTATIONS = YES;
				CLANG_WARN_DIRECT_OBJC_ISA_USAGE = YES_ERROR;
				CLANG_WARN_DOCUMENTATION_COMMENTS = YES;
				CLANG_WARN_EMPTY_BODY = YES;
				CLANG_WARN_ENUM_CONVERSION = YES;
				CLANG_WARN_INFINITE_RECURSION = YES;
				CLANG_WARN_INT_CONVERSION = YES;
				CLANG_WARN_NON_LITERAL_NULL_CONVERSION = YES;
				CLANG_WARN_OBJC_IMPLICIT_RETAIN_SELF = YES;
				CLANG_WARN_OBJC_LITERAL_CONVERSION = YES;
				CLANG_WARN_OBJC_ROOT_CLASS = YES_ERROR;
				CLANG_WARN_QUOTED_INCLUDE_IN_FRAMEWORK_HEADER = YES;
				CLANG_WARN_RANGE_LOOP_ANALYSIS = YES;
				CLANG_WARN_STRICT_PROTOTYPES = YES;
				CLANG_WARN_SUSPICIOUS_MOVE = YES;
				CLANG_WARN_UNGUARDED_AVAILABILITY = YES_AGGRESSIVE;
				CLANG_WARN_UNREACHABLE_CODE = YES;
				CLANG_WARN__DUPLICATE_METHOD_MATCH = YES;
				COPY_PHASE_STRIP = NO;
				DEBUG_INFORMATION_FORMAT = dwarf;
				ENABLE_STRICT_OBJC_MSGSEND = YES;
				ENABLE_TESTABILITY = YES;
				GCC_C_LANGUAGE_STANDARD = gnu11;
				GCC_DYNAMIC_NO_PIC = NO;
				GCC_NO_COMMON_BLOCKS = YES;
				GCC_OPTIMIZATION_LEVEL = 0;
				GCC_PREPROCESSOR_DEFINITIONS = (
					"DEBUG=1",
					"$(inherited)",
				);
				GCC_WARN_64_TO_32_BIT_CONVERSION = YES;
				GCC_WARN_ABOUT_RETURN_TYPE = YES_ERROR;
				GCC_WARN_UNDECLARED_SELECTOR = YES;
				GCC_WARN_UNINITIALIZED_AUTOS = YES_AGGRESSIVE;
				GCC_WARN_UNUSED_FUNCTION = YES;
				GCC_WARN_UNUSED_VARIABLE = YES;
				MTL_ENABLE_DEBUG_INFO = INCLUDE_SOURCE;
				MTL_FAST_MATH = YES;
				ONLY_ACTIVE_ARCH = YES;
				SWIFT_ACTIVE_COMPILATION_CONDITIONS = DEBUG;
				SWIFT_OPTIMIZATION_LEVEL = "-Onone";
			};
			name = Debug;
		};
		1D8D0728258860C80061CE7C /* Release */ = {
			isa = XCBuildConfiguration;
			buildSettings = {
				ALWAYS_SEARCH_USER_PATHS = NO;
				CLANG_ANALYZER_NONNULL = YES;
				CLANG_ANALYZER_NUMBER_OBJECT_CONVERSION = YES_AGGRESSIVE;
				CLANG_CXX_LANGUAGE_STANDARD = "gnu++14";
				CLANG_CXX_LIBRARY = "libc++";
				CLANG_ENABLE_MODULES = YES;
				CLANG_ENABLE_OBJC_ARC = YES;
				CLANG_ENABLE_OBJC_WEAK = YES;
				CLANG_WARN_BLOCK_CAPTURE_AUTORELEASING = YES;
				CLANG_WARN_BOOL_CONVERSION = YES;
				CLANG_WARN_COMMA = YES;
				CLANG_WARN_CONSTANT_CONVERSION = YES;
				CLANG_WARN_DEPRECATED_OBJC_IMPLEMENTATIONS = YES;
				CLANG_WARN_DIRECT_OBJC_ISA_USAGE = YES_ERROR;
				CLANG_WARN_DOCUMENTATION_COMMENTS = YES;
				CLANG_WARN_EMPTY_BODY = YES;
				CLANG_WARN_ENUM_CONVERSION = YES;
				CLANG_WARN_INFINITE_RECURSION = YES;
				CLANG_WARN_INT_CONVERSION = YES;
				CLANG_WARN_NON_LITERAL_NULL_CONVERSION = YES;
				CLANG_WARN_OBJC_IMPLICIT_RETAIN_SELF = YES;
				CLANG_WARN_OBJC_LITERAL_CONVERSION = YES;
				CLANG_WARN_OBJC_ROOT_CLASS = YES_ERROR;
				CLANG_WARN_QUOTED_INCLUDE_IN_FRAMEWORK_HEADER = YES;
				CLANG_WARN_RANGE_LOOP_ANALYSIS = YES;
				CLANG_WARN_STRICT_PROTOTYPES = YES;
				CLANG_WARN_SUSPICIOUS_MOVE = YES;
				CLANG_WARN_UNGUARDED_AVAILABILITY = YES_AGGRESSIVE;
				CLANG_WARN_UNREACHABLE_CODE = YES;
				CLANG_WARN__DUPLICATE_METHOD_MATCH = YES;
				COPY_PHASE_STRIP = NO;
				DEBUG_INFORMATION_FORMAT = "dwarf-with-dsym";
				ENABLE_NS_ASSERTIONS = NO;
				ENABLE_STRICT_OBJC_MSGSEND = YES;
				GCC_C_LANGUAGE_STANDARD = gnu11;
				GCC_NO_COMMON_BLOCKS = YES;
				GCC_WARN_64_TO_32_BIT_CONVERSION = YES;
				GCC_WARN_ABOUT_RETURN_TYPE = YES_ERROR;
				GCC_WARN_UNDECLARED_SELECTOR = YES;
				GCC_WARN_UNINITIALIZED_AUTOS = YES_AGGRESSIVE;
				GCC_WARN_UNUSED_FUNCTION = YES;
				GCC_WARN_UNUSED_VARIABLE = YES;
				MTL_ENABLE_DEBUG_INFO = NO;
				MTL_FAST_MATH = YES;
				SWIFT_COMPILATION_MODE = wholemodule;
				SWIFT_OPTIMIZATION_LEVEL = "-O";
			};
			name = Release;
		};
		1D8D072A258860C80061CE7C /* Debug */ = {
			isa = XCBuildConfiguration;
			buildSettings = {
				ASSETCATALOG_COMPILER_APPICON_NAME = AppIcon;
				ASSETCATALOG_COMPILER_GLOBAL_ACCENT_COLOR_NAME = AccentColor;
				CODE_SIGN_STYLE = Automatic;
				DEVELOPMENT_TEAM = AFEX2H2TBN;
				ENABLE_PREVIEWS = YES;
				INFOPLIST_FILE = iOS/Info.plist;
				IPHONEOS_DEPLOYMENT_TARGET = 14.0;
				LD_RUNPATH_SEARCH_PATHS = (
					"$(inherited)",
					"@executable_path/Frameworks",
				);
				PRODUCT_BUNDLE_IDENTIFIER = green.felix.Apparatus;
				PRODUCT_NAME = Apparatus;
				SDKROOT = iphoneos;
				SWIFT_VERSION = 5.0;
				TARGETED_DEVICE_FAMILY = "1,2";
			};
			name = Debug;
		};
		1D8D072B258860C80061CE7C /* Release */ = {
			isa = XCBuildConfiguration;
			buildSettings = {
				ASSETCATALOG_COMPILER_APPICON_NAME = AppIcon;
				ASSETCATALOG_COMPILER_GLOBAL_ACCENT_COLOR_NAME = AccentColor;
				CODE_SIGN_STYLE = Automatic;
				DEVELOPMENT_TEAM = AFEX2H2TBN;
				ENABLE_PREVIEWS = YES;
				INFOPLIST_FILE = iOS/Info.plist;
				IPHONEOS_DEPLOYMENT_TARGET = 14.0;
				LD_RUNPATH_SEARCH_PATHS = (
					"$(inherited)",
					"@executable_path/Frameworks",
				);
				PRODUCT_BUNDLE_IDENTIFIER = green.felix.Apparatus;
				PRODUCT_NAME = Apparatus;
				SDKROOT = iphoneos;
				SWIFT_VERSION = 5.0;
				TARGETED_DEVICE_FAMILY = "1,2";
				VALIDATE_PRODUCT = YES;
			};
			name = Release;
		};
		1D8D072D258860C80061CE7C /* Debug */ = {
			isa = XCBuildConfiguration;
			buildSettings = {
				ASSETCATALOG_COMPILER_APPICON_NAME = AppIcon;
				ASSETCATALOG_COMPILER_GLOBAL_ACCENT_COLOR_NAME = AccentColor;
				CODE_SIGN_ENTITLEMENTS = macOS/macOS.entitlements;
				CODE_SIGN_STYLE = Automatic;
				COMBINE_HIDPI_IMAGES = YES;
				DEVELOPMENT_TEAM = AFEX2H2TBN;
				ENABLE_HARDENED_RUNTIME = YES;
				ENABLE_PREVIEWS = YES;
				INFOPLIST_FILE = macOS/Info.plist;
				LD_RUNPATH_SEARCH_PATHS = (
					"$(inherited)",
					"@executable_path/../Frameworks",
				);
				MACOSX_DEPLOYMENT_TARGET = 11.0;
				PRODUCT_BUNDLE_IDENTIFIER = green.felix.Apparatus;
				PRODUCT_NAME = Apparatus;
				SDKROOT = macosx;
				SWIFT_VERSION = 5.0;
			};
			name = Debug;
		};
		1D8D072E258860C80061CE7C /* Release */ = {
			isa = XCBuildConfiguration;
			buildSettings = {
				ASSETCATALOG_COMPILER_APPICON_NAME = AppIcon;
				ASSETCATALOG_COMPILER_GLOBAL_ACCENT_COLOR_NAME = AccentColor;
				CODE_SIGN_ENTITLEMENTS = macOS/macOS.entitlements;
				CODE_SIGN_STYLE = Automatic;
				COMBINE_HIDPI_IMAGES = YES;
				DEVELOPMENT_TEAM = AFEX2H2TBN;
				ENABLE_HARDENED_RUNTIME = YES;
				ENABLE_PREVIEWS = YES;
				INFOPLIST_FILE = macOS/Info.plist;
				LD_RUNPATH_SEARCH_PATHS = (
					"$(inherited)",
					"@executable_path/../Frameworks",
				);
				MACOSX_DEPLOYMENT_TARGET = 11.0;
				PRODUCT_BUNDLE_IDENTIFIER = green.felix.Apparatus;
				PRODUCT_NAME = Apparatus;
				SDKROOT = macosx;
				SWIFT_VERSION = 5.0;
			};
			name = Release;
		};
/* End XCBuildConfiguration section */

/* Begin XCConfigurationList section */
		1D8D070C258860C60061CE7C /* Build configuration list for PBXProject "Apparatus" */ = {
			isa = XCConfigurationList;
			buildConfigurations = (
				1D8D0727258860C80061CE7C /* Debug */,
				1D8D0728258860C80061CE7C /* Release */,
			);
			defaultConfigurationIsVisible = 0;
			defaultConfigurationName = Release;
		};
		1D8D0729258860C80061CE7C /* Build configuration list for PBXNativeTarget "Apparatus (iOS)" */ = {
			isa = XCConfigurationList;
			buildConfigurations = (
				1D8D072A258860C80061CE7C /* Debug */,
				1D8D072B258860C80061CE7C /* Release */,
			);
			defaultConfigurationIsVisible = 0;
			defaultConfigurationName = Release;
		};
		1D8D072C258860C80061CE7C /* Build configuration list for PBXNativeTarget "Apparatus (macOS)" */ = {
			isa = XCConfigurationList;
			buildConfigurations = (
				1D8D072D258860C80061CE7C /* Debug */,
				1D8D072E258860C80061CE7C /* Release */,
			);
			defaultConfigurationIsVisible = 0;
			defaultConfigurationName = Release;
		};
/* End XCConfigurationList section */
	};
	rootObject = 1D8D0709258860C60061CE7C /* Project object */;
}
