// !$*UTF8*$!
{
	archiveVersion = 1;
	classes = {
	};
	objectVersion = 50;
	objects = {

/* Begin PBXBuildFile section */
		1D14A4BA2577EC4000E85193 /* HexagonShape.swift in Sources */ = {isa = PBXBuildFile; fileRef = 1D14A4B92577EC4000E85193 /* HexagonShape.swift */; };
		1D14A4BB2577EC4000E85193 /* HexagonShape.swift in Sources */ = {isa = PBXBuildFile; fileRef = 1D14A4B92577EC4000E85193 /* HexagonShape.swift */; };
		1D24B6832571A0B800E7B8AC /* BestagonsApp.swift in Sources */ = {isa = PBXBuildFile; fileRef = 1D24B6702571A0B600E7B8AC /* BestagonsApp.swift */; };
		1D24B6842571A0B800E7B8AC /* BestagonsApp.swift in Sources */ = {isa = PBXBuildFile; fileRef = 1D24B6702571A0B600E7B8AC /* BestagonsApp.swift */; };
		1D24B6852571A0B800E7B8AC /* ContentView.swift in Sources */ = {isa = PBXBuildFile; fileRef = 1D24B6712571A0B600E7B8AC /* ContentView.swift */; };
		1D24B6862571A0B800E7B8AC /* ContentView.swift in Sources */ = {isa = PBXBuildFile; fileRef = 1D24B6712571A0B600E7B8AC /* ContentView.swift */; };
		1D24B6872571A0B800E7B8AC /* Assets.xcassets in Resources */ = {isa = PBXBuildFile; fileRef = 1D24B6722571A0B800E7B8AC /* Assets.xcassets */; };
		1D24B6882571A0B800E7B8AC /* Assets.xcassets in Resources */ = {isa = PBXBuildFile; fileRef = 1D24B6722571A0B800E7B8AC /* Assets.xcassets */; };
		1D24B6982571A10A00E7B8AC /* FlowerView.swift in Sources */ = {isa = PBXBuildFile; fileRef = 1D24B6972571A10A00E7B8AC /* FlowerView.swift */; };
		1D24B6992571A10A00E7B8AC /* FlowerView.swift in Sources */ = {isa = PBXBuildFile; fileRef = 1D24B6972571A10A00E7B8AC /* FlowerView.swift */; };
		1D24B69F2571AB1D00E7B8AC /* PolygonShape.swift in Sources */ = {isa = PBXBuildFile; fileRef = 1D24B69E2571AB1D00E7B8AC /* PolygonShape.swift */; };
		1D24B6A02571AB1D00E7B8AC /* PolygonShape.swift in Sources */ = {isa = PBXBuildFile; fileRef = 1D24B69E2571AB1D00E7B8AC /* PolygonShape.swift */; };
		1D24B6A42574BD5700E7B8AC /* PortraitView.swift in Sources */ = {isa = PBXBuildFile; fileRef = 1D24B6A32574BD5700E7B8AC /* PortraitView.swift */; };
		1D24B6A52574BD5700E7B8AC /* PortraitView.swift in Sources */ = {isa = PBXBuildFile; fileRef = 1D24B6A32574BD5700E7B8AC /* PortraitView.swift */; };
		1D38A2FB257C9C9E003B52E3 /* RangeSlider.swift in Sources */ = {isa = PBXBuildFile; fileRef = 1D38A2FA257C9C9E003B52E3 /* RangeSlider.swift */; };
		1D38A2FC257C9C9E003B52E3 /* RangeSlider.swift in Sources */ = {isa = PBXBuildFile; fileRef = 1D38A2FA257C9C9E003B52E3 /* RangeSlider.swift */; };
		1D988D60258048E10075028F /* Apparatus.swift in Sources */ = {isa = PBXBuildFile; fileRef = 1D988D5F258048E10075028F /* Apparatus.swift */; };
		1D988D61258048E10075028F /* Apparatus.swift in Sources */ = {isa = PBXBuildFile; fileRef = 1D988D5F258048E10075028F /* Apparatus.swift */; };
/* End PBXBuildFile section */

/* Begin PBXFileReference section */
		1D14A4B92577EC4000E85193 /* HexagonShape.swift */ = {isa = PBXFileReference; lastKnownFileType = sourcecode.swift; path = HexagonShape.swift; sourceTree = "<group>"; };
		1D24B6702571A0B600E7B8AC /* BestagonsApp.swift */ = {isa = PBXFileReference; lastKnownFileType = sourcecode.swift; path = BestagonsApp.swift; sourceTree = "<group>"; };
		1D24B6712571A0B600E7B8AC /* ContentView.swift */ = {isa = PBXFileReference; lastKnownFileType = sourcecode.swift; path = ContentView.swift; sourceTree = "<group>"; };
		1D24B6722571A0B800E7B8AC /* Assets.xcassets */ = {isa = PBXFileReference; lastKnownFileType = folder.assetcatalog; path = Assets.xcassets; sourceTree = "<group>"; };
		1D24B6772571A0B800E7B8AC /* Bestagons.app */ = {isa = PBXFileReference; explicitFileType = wrapper.application; includeInIndex = 0; path = Bestagons.app; sourceTree = BUILT_PRODUCTS_DIR; };
		1D24B67A2571A0B800E7B8AC /* Info.plist */ = {isa = PBXFileReference; lastKnownFileType = text.plist.xml; path = Info.plist; sourceTree = "<group>"; };
		1D24B67F2571A0B800E7B8AC /* Bestagons.app */ = {isa = PBXFileReference; explicitFileType = wrapper.application; includeInIndex = 0; path = Bestagons.app; sourceTree = BUILT_PRODUCTS_DIR; };
		1D24B6812571A0B800E7B8AC /* Info.plist */ = {isa = PBXFileReference; lastKnownFileType = text.plist.xml; path = Info.plist; sourceTree = "<group>"; };
		1D24B6822571A0B800E7B8AC /* macOS.entitlements */ = {isa = PBXFileReference; lastKnownFileType = text.plist.entitlements; path = macOS.entitlements; sourceTree = "<group>"; };
		1D24B6972571A10A00E7B8AC /* FlowerView.swift */ = {isa = PBXFileReference; lastKnownFileType = sourcecode.swift; path = FlowerView.swift; sourceTree = "<group>"; };
		1D24B69E2571AB1D00E7B8AC /* PolygonShape.swift */ = {isa = PBXFileReference; lastKnownFileType = sourcecode.swift; path = PolygonShape.swift; sourceTree = "<group>"; };
		1D24B6A32574BD5700E7B8AC /* PortraitView.swift */ = {isa = PBXFileReference; lastKnownFileType = sourcecode.swift; path = PortraitView.swift; sourceTree = "<group>"; };
		1D38A2FA257C9C9E003B52E3 /* RangeSlider.swift */ = {isa = PBXFileReference; lastKnownFileType = sourcecode.swift; path = RangeSlider.swift; sourceTree = "<group>"; };
		1D988D5F258048E10075028F /* Apparatus.swift */ = {isa = PBXFileReference; lastKnownFileType = sourcecode.swift; path = Apparatus.swift; sourceTree = "<group>"; };
/* End PBXFileReference section */

/* Begin PBXFrameworksBuildPhase section */
		1D24B6742571A0B800E7B8AC /* Frameworks */ = {
			isa = PBXFrameworksBuildPhase;
			buildActionMask = 2147483647;
			files = (
			);
			runOnlyForDeploymentPostprocessing = 0;
		};
		1D24B67C2571A0B800E7B8AC /* Frameworks */ = {
			isa = PBXFrameworksBuildPhase;
			buildActionMask = 2147483647;
			files = (
			);
			runOnlyForDeploymentPostprocessing = 0;
		};
/* End PBXFrameworksBuildPhase section */

/* Begin PBXGroup section */
		1D24B66A2571A0B600E7B8AC = {
			isa = PBXGroup;
			children = (
				1D24B66F2571A0B600E7B8AC /* Shared */,
				1D24B6792571A0B800E7B8AC /* iOS */,
				1D24B6802571A0B800E7B8AC /* macOS */,
				1D24B6782571A0B800E7B8AC /* Products */,
			);
			sourceTree = "<group>";
		};
		1D24B66F2571A0B600E7B8AC /* Shared */ = {
			isa = PBXGroup;
			children = (
				1D24B6702571A0B600E7B8AC /* BestagonsApp.swift */,
				1D24B6712571A0B600E7B8AC /* ContentView.swift */,
				1D24B6972571A10A00E7B8AC /* FlowerView.swift */,
				1D24B6722571A0B800E7B8AC /* Assets.xcassets */,
				1D24B69E2571AB1D00E7B8AC /* PolygonShape.swift */,
				1D24B6A32574BD5700E7B8AC /* PortraitView.swift */,
				1D14A4B92577EC4000E85193 /* HexagonShape.swift */,
				1D38A2FA257C9C9E003B52E3 /* RangeSlider.swift */,
				1D988D5F258048E10075028F /* Apparatus.swift */,
			);
			path = Shared;
			sourceTree = "<group>";
		};
		1D24B6782571A0B800E7B8AC /* Products */ = {
			isa = PBXGroup;
			children = (
				1D24B6772571A0B800E7B8AC /* Bestagons.app */,
				1D24B67F2571A0B800E7B8AC /* Bestagons.app */,
			);
			name = Products;
			sourceTree = "<group>";
		};
		1D24B6792571A0B800E7B8AC /* iOS */ = {
			isa = PBXGroup;
			children = (
				1D24B67A2571A0B800E7B8AC /* Info.plist */,
			);
			path = iOS;
			sourceTree = "<group>";
		};
		1D24B6802571A0B800E7B8AC /* macOS */ = {
			isa = PBXGroup;
			children = (
				1D24B6812571A0B800E7B8AC /* Info.plist */,
				1D24B6822571A0B800E7B8AC /* macOS.entitlements */,
			);
			path = macOS;
			sourceTree = "<group>";
		};
/* End PBXGroup section */

/* Begin PBXNativeTarget section */
		1D24B6762571A0B800E7B8AC /* Bestagons (iOS) */ = {
			isa = PBXNativeTarget;
			buildConfigurationList = 1D24B68B2571A0B800E7B8AC /* Build configuration list for PBXNativeTarget "Bestagons (iOS)" */;
			buildPhases = (
				1D24B6732571A0B800E7B8AC /* Sources */,
				1D24B6742571A0B800E7B8AC /* Frameworks */,
				1D24B6752571A0B800E7B8AC /* Resources */,
			);
			buildRules = (
			);
			dependencies = (
			);
			name = "Bestagons (iOS)";
			productName = "Bestagons (iOS)";
			productReference = 1D24B6772571A0B800E7B8AC /* Bestagons.app */;
			productType = "com.apple.product-type.application";
		};
		1D24B67E2571A0B800E7B8AC /* Bestagons (macOS) */ = {
			isa = PBXNativeTarget;
			buildConfigurationList = 1D24B68E2571A0B800E7B8AC /* Build configuration list for PBXNativeTarget "Bestagons (macOS)" */;
			buildPhases = (
				1D24B67B2571A0B800E7B8AC /* Sources */,
				1D24B67C2571A0B800E7B8AC /* Frameworks */,
				1D24B67D2571A0B800E7B8AC /* Resources */,
			);
			buildRules = (
			);
			dependencies = (
			);
			name = "Bestagons (macOS)";
			productName = "Bestagons (macOS)";
			productReference = 1D24B67F2571A0B800E7B8AC /* Bestagons.app */;
			productType = "com.apple.product-type.application";
		};
/* End PBXNativeTarget section */

/* Begin PBXProject section */
		1D24B66B2571A0B600E7B8AC /* Project object */ = {
			isa = PBXProject;
			attributes = {
				LastSwiftUpdateCheck = 1230;
				LastUpgradeCheck = 1230;
				TargetAttributes = {
					1D24B6762571A0B800E7B8AC = {
						CreatedOnToolsVersion = 12.3;
					};
					1D24B67E2571A0B800E7B8AC = {
						CreatedOnToolsVersion = 12.3;
					};
				};
			};
			buildConfigurationList = 1D24B66E2571A0B600E7B8AC /* Build configuration list for PBXProject "Bestagons" */;
			compatibilityVersion = "Xcode 9.3";
			developmentRegion = en;
			hasScannedForEncodings = 0;
			knownRegions = (
				en,
				Base,
			);
			mainGroup = 1D24B66A2571A0B600E7B8AC;
			productRefGroup = 1D24B6782571A0B800E7B8AC /* Products */;
			projectDirPath = "";
			projectRoot = "";
			targets = (
				1D24B6762571A0B800E7B8AC /* Bestagons (iOS) */,
				1D24B67E2571A0B800E7B8AC /* Bestagons (macOS) */,
			);
		};
/* End PBXProject section */

/* Begin PBXResourcesBuildPhase section */
		1D24B6752571A0B800E7B8AC /* Resources */ = {
			isa = PBXResourcesBuildPhase;
			buildActionMask = 2147483647;
			files = (
				1D24B6872571A0B800E7B8AC /* Assets.xcassets in Resources */,
			);
			runOnlyForDeploymentPostprocessing = 0;
		};
		1D24B67D2571A0B800E7B8AC /* Resources */ = {
			isa = PBXResourcesBuildPhase;
			buildActionMask = 2147483647;
			files = (
				1D24B6882571A0B800E7B8AC /* Assets.xcassets in Resources */,
			);
			runOnlyForDeploymentPostprocessing = 0;
		};
/* End PBXResourcesBuildPhase section */

/* Begin PBXSourcesBuildPhase section */
		1D24B6732571A0B800E7B8AC /* Sources */ = {
			isa = PBXSourcesBuildPhase;
			buildActionMask = 2147483647;
			files = (
				1D14A4BA2577EC4000E85193 /* HexagonShape.swift in Sources */,
				1D24B6852571A0B800E7B8AC /* ContentView.swift in Sources */,
				1D24B6982571A10A00E7B8AC /* FlowerView.swift in Sources */,
				1D988D60258048E10075028F /* Apparatus.swift in Sources */,
				1D24B69F2571AB1D00E7B8AC /* PolygonShape.swift in Sources */,
				1D24B6A42574BD5700E7B8AC /* PortraitView.swift in Sources */,
				1D38A2FB257C9C9E003B52E3 /* RangeSlider.swift in Sources */,
				1D24B6832571A0B800E7B8AC /* BestagonsApp.swift in Sources */,
			);
			runOnlyForDeploymentPostprocessing = 0;
		};
		1D24B67B2571A0B800E7B8AC /* Sources */ = {
			isa = PBXSourcesBuildPhase;
			buildActionMask = 2147483647;
			files = (
				1D14A4BB2577EC4000E85193 /* HexagonShape.swift in Sources */,
				1D24B6862571A0B800E7B8AC /* ContentView.swift in Sources */,
				1D24B6992571A10A00E7B8AC /* FlowerView.swift in Sources */,
				1D988D61258048E10075028F /* Apparatus.swift in Sources */,
				1D24B6A02571AB1D00E7B8AC /* PolygonShape.swift in Sources */,
				1D24B6A52574BD5700E7B8AC /* PortraitView.swift in Sources */,
				1D38A2FC257C9C9E003B52E3 /* RangeSlider.swift in Sources */,
				1D24B6842571A0B800E7B8AC /* BestagonsApp.swift in Sources */,
			);
			runOnlyForDeploymentPostprocessing = 0;
		};
/* End PBXSourcesBuildPhase section */

/* Begin XCBuildConfiguration section */
		1D24B6892571A0B800E7B8AC /* Debug */ = {
			isa = XCBuildConfiguration;
			buildSettings = {
				ALWAYS_SEARCH_USER_PATHS = NO;
				CLANG_ANALYZER_NONNULL = YES;
				CLANG_ANALYZER_NUMBER_OBJECT_CONVERSION = YES_AGGRESSIVE;
				CLANG_CXX_LANGUAGE_STANDARD = "gnu++14";
				CLANG_CXX_LIBRARY = "libc++";
				CLANG_ENABLE_MODULES = YES;
				CLANG_ENABLE_OBJC_ARC = YES;
				CLANG_ENABLE_OBJC_WEAK = YES;
				CLANG_WARN_BLOCK_CAPTURE_AUTORELEASING = YES;
				CLANG_WARN_BOOL_CONVERSION = YES;
				CLANG_WARN_COMMA = YES;
				CLANG_WARN_CONSTANT_CONVERSION = YES;
				CLANG_WARN_DEPRECATED_OBJC_IMPLEMENTATIONS = YES;
				CLANG_WARN_DIRECT_OBJC_ISA_USAGE = YES_ERROR;
				CLANG_WARN_DOCUMENTATION_COMMENTS = YES;
				CLANG_WARN_EMPTY_BODY = YES;
				CLANG_WARN_ENUM_CONVERSION = YES;
				CLANG_WARN_INFINITE_RECURSION = YES;
				CLANG_WARN_INT_CONVERSION = YES;
				CLANG_WARN_NON_LITERAL_NULL_CONVERSION = YES;
				CLANG_WARN_OBJC_IMPLICIT_RETAIN_SELF = YES;
				CLANG_WARN_OBJC_LITERAL_CONVERSION = YES;
				CLANG_WARN_OBJC_ROOT_CLASS = YES_ERROR;
				CLANG_WARN_QUOTED_INCLUDE_IN_FRAMEWORK_HEADER = YES;
				CLANG_WARN_RANGE_LOOP_ANALYSIS = YES;
				CLANG_WARN_STRICT_PROTOTYPES = YES;
				CLANG_WARN_SUSPICIOUS_MOVE = YES;
				CLANG_WARN_UNGUARDED_AVAILABILITY = YES_AGGRESSIVE;
				CLANG_WARN_UNREACHABLE_CODE = YES;
				CLANG_WARN__DUPLICATE_METHOD_MATCH = YES;
				COPY_PHASE_STRIP = NO;
				DEBUG_INFORMATION_FORMAT = dwarf;
				ENABLE_STRICT_OBJC_MSGSEND = YES;
				ENABLE_TESTABILITY = YES;
				GCC_C_LANGUAGE_STANDARD = gnu11;
				GCC_DYNAMIC_NO_PIC = NO;
				GCC_NO_COMMON_BLOCKS = YES;
				GCC_OPTIMIZATION_LEVEL = 0;
				GCC_PREPROCESSOR_DEFINITIONS = (
					"DEBUG=1",
					"$(inherited)",
				);
				GCC_WARN_64_TO_32_BIT_CONVERSION = YES;
				GCC_WARN_ABOUT_RETURN_TYPE = YES_ERROR;
				GCC_WARN_UNDECLARED_SELECTOR = YES;
				GCC_WARN_UNINITIALIZED_AUTOS = YES_AGGRESSIVE;
				GCC_WARN_UNUSED_FUNCTION = YES;
				GCC_WARN_UNUSED_VARIABLE = YES;
				MTL_ENABLE_DEBUG_INFO = INCLUDE_SOURCE;
				MTL_FAST_MATH = YES;
				ONLY_ACTIVE_ARCH = YES;
				SWIFT_ACTIVE_COMPILATION_CONDITIONS = DEBUG;
				SWIFT_OPTIMIZATION_LEVEL = "-Onone";
			};
			name = Debug;
		};
		1D24B68A2571A0B800E7B8AC /* Release */ = {
			isa = XCBuildConfiguration;
			buildSettings = {
				ALWAYS_SEARCH_USER_PATHS = NO;
				CLANG_ANALYZER_NONNULL = YES;
				CLANG_ANALYZER_NUMBER_OBJECT_CONVERSION = YES_AGGRESSIVE;
				CLANG_CXX_LANGUAGE_STANDARD = "gnu++14";
				CLANG_CXX_LIBRARY = "libc++";
				CLANG_ENABLE_MODULES = YES;
				CLANG_ENABLE_OBJC_ARC = YES;
				CLANG_ENABLE_OBJC_WEAK = YES;
				CLANG_WARN_BLOCK_CAPTURE_AUTORELEASING = YES;
				CLANG_WARN_BOOL_CONVERSION = YES;
				CLANG_WARN_COMMA = YES;
				CLANG_WARN_CONSTANT_CONVERSION = YES;
				CLANG_WARN_DEPRECATED_OBJC_IMPLEMENTATIONS = YES;
				CLANG_WARN_DIRECT_OBJC_ISA_USAGE = YES_ERROR;
				CLANG_WARN_DOCUMENTATION_COMMENTS = YES;
				CLANG_WARN_EMPTY_BODY = YES;
				CLANG_WARN_ENUM_CONVERSION = YES;
				CLANG_WARN_INFINITE_RECURSION = YES;
				CLANG_WARN_INT_CONVERSION = YES;
				CLANG_WARN_NON_LITERAL_NULL_CONVERSION = YES;
				CLANG_WARN_OBJC_IMPLICIT_RETAIN_SELF = YES;
				CLANG_WARN_OBJC_LITERAL_CONVERSION = YES;
				CLANG_WARN_OBJC_ROOT_CLASS = YES_ERROR;
				CLANG_WARN_QUOTED_INCLUDE_IN_FRAMEWORK_HEADER = YES;
				CLANG_WARN_RANGE_LOOP_ANALYSIS = YES;
				CLANG_WARN_STRICT_PROTOTYPES = YES;
				CLANG_WARN_SUSPICIOUS_MOVE = YES;
				CLANG_WARN_UNGUARDED_AVAILABILITY = YES_AGGRESSIVE;
				CLANG_WARN_UNREACHABLE_CODE = YES;
				CLANG_WARN__DUPLICATE_METHOD_MATCH = YES;
				COPY_PHASE_STRIP = NO;
				DEBUG_INFORMATION_FORMAT = "dwarf-with-dsym";
				ENABLE_NS_ASSERTIONS = NO;
				ENABLE_STRICT_OBJC_MSGSEND = YES;
				GCC_C_LANGUAGE_STANDARD = gnu11;
				GCC_NO_COMMON_BLOCKS = YES;
				GCC_WARN_64_TO_32_BIT_CONVERSION = YES;
				GCC_WARN_ABOUT_RETURN_TYPE = YES_ERROR;
				GCC_WARN_UNDECLARED_SELECTOR = YES;
				GCC_WARN_UNINITIALIZED_AUTOS = YES_AGGRESSIVE;
				GCC_WARN_UNUSED_FUNCTION = YES;
				GCC_WARN_UNUSED_VARIABLE = YES;
				MTL_ENABLE_DEBUG_INFO = NO;
				MTL_FAST_MATH = YES;
				SWIFT_COMPILATION_MODE = wholemodule;
				SWIFT_OPTIMIZATION_LEVEL = "-O";
			};
			name = Release;
		};
		1D24B68C2571A0B800E7B8AC /* Debug */ = {
			isa = XCBuildConfiguration;
			buildSettings = {
				ASSETCATALOG_COMPILER_APPICON_NAME = AppIcon;
				ASSETCATALOG_COMPILER_GLOBAL_ACCENT_COLOR_NAME = AccentColor;
				CODE_SIGN_STYLE = Automatic;
				DEVELOPMENT_TEAM = AFEX2H2TBN;
				ENABLE_PREVIEWS = YES;
				INFOPLIST_FILE = iOS/Info.plist;
				IPHONEOS_DEPLOYMENT_TARGET = 14.0;
				LD_RUNPATH_SEARCH_PATHS = (
					"$(inherited)",
					"@executable_path/Frameworks",
				);
				PRODUCT_BUNDLE_IDENTIFIER = green.felix.Bestagons;
				PRODUCT_NAME = Bestagons;
				SDKROOT = iphoneos;
				SWIFT_VERSION = 5.0;
				TARGETED_DEVICE_FAMILY = "1,2";
			};
			name = Debug;
		};
		1D24B68D2571A0B800E7B8AC /* Release */ = {
			isa = XCBuildConfiguration;
			buildSettings = {
				ASSETCATALOG_COMPILER_APPICON_NAME = AppIcon;
				ASSETCATALOG_COMPILER_GLOBAL_ACCENT_COLOR_NAME = AccentColor;
				CODE_SIGN_STYLE = Automatic;
				DEVELOPMENT_TEAM = AFEX2H2TBN;
				ENABLE_PREVIEWS = YES;
				INFOPLIST_FILE = iOS/Info.plist;
				IPHONEOS_DEPLOYMENT_TARGET = 14.0;
				LD_RUNPATH_SEARCH_PATHS = (
					"$(inherited)",
					"@executable_path/Frameworks",
				);
				PRODUCT_BUNDLE_IDENTIFIER = green.felix.Bestagons;
				PRODUCT_NAME = Bestagons;
				SDKROOT = iphoneos;
				SWIFT_VERSION = 5.0;
				TARGETED_DEVICE_FAMILY = "1,2";
				VALIDATE_PRODUCT = YES;
			};
			name = Release;
		};
		1D24B68F2571A0B800E7B8AC /* Debug */ = {
			isa = XCBuildConfiguration;
			buildSettings = {
				ASSETCATALOG_COMPILER_APPICON_NAME = AppIcon;
				ASSETCATALOG_COMPILER_GLOBAL_ACCENT_COLOR_NAME = AccentColor;
				CODE_SIGN_ENTITLEMENTS = macOS/macOS.entitlements;
				CODE_SIGN_STYLE = Automatic;
				COMBINE_HIDPI_IMAGES = YES;
				DEVELOPMENT_TEAM = AFEX2H2TBN;
				ENABLE_HARDENED_RUNTIME = YES;
				ENABLE_PREVIEWS = YES;
				INFOPLIST_FILE = macOS/Info.plist;
				LD_RUNPATH_SEARCH_PATHS = (
					"$(inherited)",
					"@executable_path/../Frameworks",
				);
				MACOSX_DEPLOYMENT_TARGET = 11.0;
				PRODUCT_BUNDLE_IDENTIFIER = green.felix.Bestagons;
				PRODUCT_NAME = Bestagons;
				SDKROOT = macosx;
				SWIFT_VERSION = 5.0;
			};
			name = Debug;
		};
		1D24B6902571A0B800E7B8AC /* Release */ = {
			isa = XCBuildConfiguration;
			buildSettings = {
				ASSETCATALOG_COMPILER_APPICON_NAME = AppIcon;
				ASSETCATALOG_COMPILER_GLOBAL_ACCENT_COLOR_NAME = AccentColor;
				CODE_SIGN_ENTITLEMENTS = macOS/macOS.entitlements;
				CODE_SIGN_STYLE = Automatic;
				COMBINE_HIDPI_IMAGES = YES;
				DEVELOPMENT_TEAM = AFEX2H2TBN;
				ENABLE_HARDENED_RUNTIME = YES;
				ENABLE_PREVIEWS = YES;
				INFOPLIST_FILE = macOS/Info.plist;
				LD_RUNPATH_SEARCH_PATHS = (
					"$(inherited)",
					"@executable_path/../Frameworks",
				);
				MACOSX_DEPLOYMENT_TARGET = 11.0;
				PRODUCT_BUNDLE_IDENTIFIER = green.felix.Bestagons;
				PRODUCT_NAME = Bestagons;
				SDKROOT = macosx;
				SWIFT_VERSION = 5.0;
			};
			name = Release;
		};
/* End XCBuildConfiguration section */

/* Begin XCConfigurationList section */
		1D24B66E2571A0B600E7B8AC /* Build configuration list for PBXProject "Bestagons" */ = {
			isa = XCConfigurationList;
			buildConfigurations = (
				1D24B6892571A0B800E7B8AC /* Debug */,
				1D24B68A2571A0B800E7B8AC /* Release */,
			);
			defaultConfigurationIsVisible = 0;
			defaultConfigurationName = Release;
		};
		1D24B68B2571A0B800E7B8AC /* Build configuration list for PBXNativeTarget "Bestagons (iOS)" */ = {
			isa = XCConfigurationList;
			buildConfigurations = (
				1D24B68C2571A0B800E7B8AC /* Debug */,
				1D24B68D2571A0B800E7B8AC /* Release */,
			);
			defaultConfigurationIsVisible = 0;
			defaultConfigurationName = Release;
		};
		1D24B68E2571A0B800E7B8AC /* Build configuration list for PBXNativeTarget "Bestagons (macOS)" */ = {
			isa = XCConfigurationList;
			buildConfigurations = (
				1D24B68F2571A0B800E7B8AC /* Debug */,
				1D24B6902571A0B800E7B8AC /* Release */,
			);
			defaultConfigurationIsVisible = 0;
			defaultConfigurationName = Release;
		};
/* End XCConfigurationList section */
	};
	rootObject = 1D24B66B2571A0B600E7B8AC /* Project object */;
}
